// !$*UTF8*$!
{
	archiveVersion = 1;
	classes = {
	};
	objectVersion = 46;
	objects = {

/* Begin PBXBuildFile section */
		554470581D5A549C00D12A3D /* AppDelegate.swift in Sources */ = {isa = PBXBuildFile; fileRef = 554470571D5A549C00D12A3D /* AppDelegate.swift */; };
		5544705A1D5A549C00D12A3D /* MasterViewController.swift in Sources */ = {isa = PBXBuildFile; fileRef = 554470591D5A549C00D12A3D /* MasterViewController.swift */; };
		5544705C1D5A549C00D12A3D /* DetailViewController.swift in Sources */ = {isa = PBXBuildFile; fileRef = 5544705B1D5A549C00D12A3D /* DetailViewController.swift */; };
		5544705F1D5A549C00D12A3D /* Main.storyboard in Resources */ = {isa = PBXBuildFile; fileRef = 5544705D1D5A549C00D12A3D /* Main.storyboard */; };
		554470611D5A549C00D12A3D /* Assets.xcassets in Resources */ = {isa = PBXBuildFile; fileRef = 554470601D5A549C00D12A3D /* Assets.xcassets */; };
		554470641D5A549C00D12A3D /* LaunchScreen.storyboard in Resources */ = {isa = PBXBuildFile; fileRef = 554470621D5A549C00D12A3D /* LaunchScreen.storyboard */; };
		554470761D5A553F00D12A3D /* CCode.c in Sources */ = {isa = PBXBuildFile; fileRef = 5544706D1D5A553F00D12A3D /* CCode.c */; };
		554470781D5A553F00D12A3D /* AnimatedTransitioning.swift in Sources */ = {isa = PBXBuildFile; fileRef = 554470701D5A553F00D12A3D /* AnimatedTransitioning.swift */; };
		554470791D5A553F00D12A3D /* TransitioningDelegate.swift in Sources */ = {isa = PBXBuildFile; fileRef = 554470711D5A553F00D12A3D /* TransitioningDelegate.swift */; };
		5544707A1D5A553F00D12A3D /* InteractionViewController.swift in Sources */ = {isa = PBXBuildFile; fileRef = 554470721D5A553F00D12A3D /* InteractionViewController.swift */; };
		5544707B1D5A553F00D12A3D /* KnobControl.swift in Sources */ = {isa = PBXBuildFile; fileRef = 554470731D5A553F00D12A3D /* KnobControl.swift */; };
		5544707C1D5A553F00D12A3D /* MyModel.swift in Sources */ = {isa = PBXBuildFile; fileRef = 554470741D5A553F00D12A3D /* MyModel.swift */; };
		5544707D1D5A553F00D12A3D /* Overview in Resources */ = {isa = PBXBuildFile; fileRef = 554470751D5A553F00D12A3D /* Overview */; };
		5544707F1D5A559F00D12A3D /* PresentationController.swift in Sources */ = {isa = PBXBuildFile; fileRef = 5544707E1D5A559F00D12A3D /* PresentationController.swift */; };
		554470851D5A588D00D12A3D /* ReplaceTopSegue.swift in Sources */ = {isa = PBXBuildFile; fileRef = 554470841D5A588D00D12A3D /* ReplaceTopSegue.swift */; };
		554470871D5A7E9400D12A3D /* GeoService.swift in Sources */ = {isa = PBXBuildFile; fileRef = 554470861D5A7E9400D12A3D /* GeoService.swift */; };
		555D3E121D5E32E5005A375A /* Locations.swift in Sources */ = {isa = PBXBuildFile; fileRef = 555D3E111D5E32E5005A375A /* Locations.swift */; };
		555D3E141D5E33D2005A375A /* Localizable.strings in Resources */ = {isa = PBXBuildFile; fileRef = 555D3E131D5E33D2005A375A /* Localizable.strings */; };
		555D3E161D5E8E94005A375A /* UIView+.swift in Sources */ = {isa = PBXBuildFile; fileRef = 555D3E151D5E8E94005A375A /* UIView+.swift */; };
		555D3E181D5E8F6C005A375A /* ReadWriteMutex.swift in Sources */ = {isa = PBXBuildFile; fileRef = 555D3E171D5E8F6C005A375A /* ReadWriteMutex.swift */; };
		555D3E1A1D5E905E005A375A /* JSON.swift in Sources */ = {isa = PBXBuildFile; fileRef = 555D3E191D5E905E005A375A /* JSON.swift */; };
/* End PBXBuildFile section */

/* Begin PBXFileReference section */
		554470541D5A549C00D12A3D /* Ameren.app */ = {isa = PBXFileReference; explicitFileType = wrapper.application; includeInIndex = 0; path = Ameren.app; sourceTree = BUILT_PRODUCTS_DIR; };
		554470571D5A549C00D12A3D /* AppDelegate.swift */ = {isa = PBXFileReference; lastKnownFileType = sourcecode.swift; path = AppDelegate.swift; sourceTree = "<group>"; };
		554470591D5A549C00D12A3D /* MasterViewController.swift */ = {isa = PBXFileReference; lastKnownFileType = sourcecode.swift; path = MasterViewController.swift; sourceTree = "<group>"; };
		5544705B1D5A549C00D12A3D /* DetailViewController.swift */ = {isa = PBXFileReference; lastKnownFileType = sourcecode.swift; path = DetailViewController.swift; sourceTree = "<group>"; };
		5544705E1D5A549C00D12A3D /* Base */ = {isa = PBXFileReference; lastKnownFileType = file.storyboard; name = Base; path = Base.lproj/Main.storyboard; sourceTree = "<group>"; };
		554470601D5A549C00D12A3D /* Assets.xcassets */ = {isa = PBXFileReference; lastKnownFileType = folder.assetcatalog; path = Assets.xcassets; sourceTree = "<group>"; };
		554470631D5A549C00D12A3D /* Base */ = {isa = PBXFileReference; lastKnownFileType = file.storyboard; name = Base; path = Base.lproj/LaunchScreen.storyboard; sourceTree = "<group>"; };
		554470651D5A549C00D12A3D /* Info.plist */ = {isa = PBXFileReference; lastKnownFileType = text.plist.xml; path = Info.plist; sourceTree = "<group>"; };
		5544706B1D5A553E00D12A3D /* Ameren-Bridging-Header.h */ = {isa = PBXFileReference; lastKnownFileType = sourcecode.c.h; path = "Ameren-Bridging-Header.h"; sourceTree = "<group>"; };
		5544706D1D5A553F00D12A3D /* CCode.c */ = {isa = PBXFileReference; fileEncoding = 4; lastKnownFileType = sourcecode.c.c; path = CCode.c; sourceTree = "<group>"; };
		5544706E1D5A553F00D12A3D /* CCode.h */ = {isa = PBXFileReference; fileEncoding = 4; lastKnownFileType = sourcecode.c.h; path = CCode.h; sourceTree = "<group>"; };
		554470701D5A553F00D12A3D /* AnimatedTransitioning.swift */ = {isa = PBXFileReference; fileEncoding = 4; lastKnownFileType = sourcecode.swift; path = AnimatedTransitioning.swift; sourceTree = "<group>"; };
		554470711D5A553F00D12A3D /* TransitioningDelegate.swift */ = {isa = PBXFileReference; fileEncoding = 4; lastKnownFileType = sourcecode.swift; path = TransitioningDelegate.swift; sourceTree = "<group>"; };
		554470721D5A553F00D12A3D /* InteractionViewController.swift */ = {isa = PBXFileReference; fileEncoding = 4; lastKnownFileType = sourcecode.swift; path = InteractionViewController.swift; sourceTree = "<group>"; };
		554470731D5A553F00D12A3D /* KnobControl.swift */ = {isa = PBXFileReference; fileEncoding = 4; lastKnownFileType = sourcecode.swift; path = KnobControl.swift; sourceTree = "<group>"; };
		554470741D5A553F00D12A3D /* MyModel.swift */ = {isa = PBXFileReference; fileEncoding = 4; lastKnownFileType = sourcecode.swift; path = MyModel.swift; sourceTree = "<group>"; };
		554470751D5A553F00D12A3D /* Overview */ = {isa = PBXFileReference; fileEncoding = 4; lastKnownFileType = text; path = Overview; sourceTree = "<group>"; };
		5544707E1D5A559F00D12A3D /* PresentationController.swift */ = {isa = PBXFileReference; fileEncoding = 4; lastKnownFileType = sourcecode.swift; path = PresentationController.swift; sourceTree = "<group>"; };
		554470841D5A588D00D12A3D /* ReplaceTopSegue.swift */ = {isa = PBXFileReference; fileEncoding = 4; lastKnownFileType = sourcecode.swift; path = ReplaceTopSegue.swift; sourceTree = "<group>"; };
		554470861D5A7E9400D12A3D /* GeoService.swift */ = {isa = PBXFileReference; fileEncoding = 4; lastKnownFileType = sourcecode.swift; path = GeoService.swift; sourceTree = "<group>"; };
		555D3E111D5E32E5005A375A /* Locations.swift */ = {isa = PBXFileReference; fileEncoding = 4; lastKnownFileType = sourcecode.swift; path = Locations.swift; sourceTree = "<group>"; };
		555D3E131D5E33D2005A375A /* Localizable.strings */ = {isa = PBXFileReference; fileEncoding = 4; lastKnownFileType = text.plist.strings; path = Localizable.strings; sourceTree = "<group>"; };
		555D3E151D5E8E94005A375A /* UIView+.swift */ = {isa = PBXFileReference; fileEncoding = 4; lastKnownFileType = sourcecode.swift; path = "UIView+.swift"; sourceTree = "<group>"; };
		555D3E171D5E8F6C005A375A /* ReadWriteMutex.swift */ = {isa = PBXFileReference; fileEncoding = 4; lastKnownFileType = sourcecode.swift; path = ReadWriteMutex.swift; sourceTree = "<group>"; };
		555D3E191D5E905E005A375A /* JSON.swift */ = {isa = PBXFileReference; fileEncoding = 4; lastKnownFileType = sourcecode.swift; path = JSON.swift; sourceTree = "<group>"; };
/* End PBXFileReference section */

/* Begin PBXFrameworksBuildPhase section */
		554470511D5A549C00D12A3D /* Frameworks */ = {
			isa = PBXFrameworksBuildPhase;
			buildActionMask = 2147483647;
			files = (
			);
			runOnlyForDeploymentPostprocessing = 0;
		};
/* End PBXFrameworksBuildPhase section */

/* Begin PBXGroup section */
		5544704B1D5A549C00D12A3D = {
			isa = PBXGroup;
			children = (
				554470561D5A549C00D12A3D /* Ameren */,
				554470551D5A549C00D12A3D /* Products */,
			);
			sourceTree = "<group>";
		};
		554470551D5A549C00D12A3D /* Products */ = {
			isa = PBXGroup;
			children = (
				554470541D5A549C00D12A3D /* Ameren.app */,
			);
			name = Products;
			sourceTree = "<group>";
		};
		554470561D5A549C00D12A3D /* Ameren */ = {
			isa = PBXGroup;
			children = (
				554470811D5A561700D12A3D /* App */,
				554470801D5A55EF00D12A3D /* Resources */,
				554470821D5A563300D12A3D /* Model */,
				554470831D5A570C00D12A3D /* ViewControllers */,
				555D3E1B1D5E9474005A375A /* PresentationController */,
				554470861D5A7E9400D12A3D /* GeoService.swift */,
				555D3E111D5E32E5005A375A /* Locations.swift */,
				555D3E151D5E8E94005A375A /* UIView+.swift */,
				555D3E191D5E905E005A375A /* JSON.swift */,
				555D3E171D5E8F6C005A375A /* ReadWriteMutex.swift */,
				554470731D5A553F00D12A3D /* KnobControl.swift */,
			);
			path = Ameren;
			sourceTree = "<group>";
		};
		554470801D5A55EF00D12A3D /* Resources */ = {
			isa = PBXGroup;
			children = (
				5544705D1D5A549C00D12A3D /* Main.storyboard */,
				554470601D5A549C00D12A3D /* Assets.xcassets */,
				554470621D5A549C00D12A3D /* LaunchScreen.storyboard */,
				554470651D5A549C00D12A3D /* Info.plist */,
				555D3E131D5E33D2005A375A /* Localizable.strings */,
			);
			name = Resources;
			sourceTree = "<group>";
		};
		554470811D5A561700D12A3D /* App */ = {
			isa = PBXGroup;
			children = (
				554470751D5A553F00D12A3D /* Overview */,
				554470571D5A549C00D12A3D /* AppDelegate.swift */,
				5544706B1D5A553E00D12A3D /* Ameren-Bridging-Header.h */,
			);
			name = App;
			sourceTree = "<group>";
		};
		554470821D5A563300D12A3D /* Model */ = {
			isa = PBXGroup;
			children = (
				5544706E1D5A553F00D12A3D /* CCode.h */,
				5544706D1D5A553F00D12A3D /* CCode.c */,
				554470741D5A553F00D12A3D /* MyModel.swift */,
			);
			name = Model;
			sourceTree = "<group>";
		};
		554470831D5A570C00D12A3D /* ViewControllers */ = {
			isa = PBXGroup;
			children = (
				554470591D5A549C00D12A3D /* MasterViewController.swift */,
				5544705B1D5A549C00D12A3D /* DetailViewController.swift */,
				554470721D5A553F00D12A3D /* InteractionViewController.swift */,
			);
			name = ViewControllers;
			sourceTree = "<group>";
		};
		555D3E1B1D5E9474005A375A /* PresentationController */ = {
			isa = PBXGroup;
			children = (
				554470841D5A588D00D12A3D /* ReplaceTopSegue.swift */,
				554470711D5A553F00D12A3D /* TransitioningDelegate.swift */,
				554470701D5A553F00D12A3D /* AnimatedTransitioning.swift */,
				5544707E1D5A559F00D12A3D /* PresentationController.swift */,
			);
			name = PresentationController;
			sourceTree = "<group>";
		};
/* End PBXGroup section */

/* Begin PBXNativeTarget section */
		554470531D5A549C00D12A3D /* Ameren */ = {
			isa = PBXNativeTarget;
			buildConfigurationList = 554470681D5A549C00D12A3D /* Build configuration list for PBXNativeTarget "Ameren" */;
			buildPhases = (
				554470501D5A549C00D12A3D /* Sources */,
				554470511D5A549C00D12A3D /* Frameworks */,
				554470521D5A549C00D12A3D /* Resources */,
			);
			buildRules = (
			);
			dependencies = (
			);
			name = Ameren;
			productName = Ameren;
			productReference = 554470541D5A549C00D12A3D /* Ameren.app */;
			productType = "com.apple.product-type.application";
		};
/* End PBXNativeTarget section */

/* Begin PBXProject section */
		5544704C1D5A549C00D12A3D /* Project object */ = {
			isa = PBXProject;
			attributes = {
				LastSwiftUpdateCheck = 0800;
				LastUpgradeCheck = 0800;
				ORGANIZATIONNAME = "Software by Jove";
				TargetAttributes = {
					554470531D5A549C00D12A3D = {
						CreatedOnToolsVersion = 8.0;
						DevelopmentTeam = 4JYR7R4Y2M;
						LastSwiftMigration = 0800;
						ProvisioningStyle = Automatic;
					};
				};
			};
			buildConfigurationList = 5544704F1D5A549C00D12A3D /* Build configuration list for PBXProject "Ameren" */;
			compatibilityVersion = "Xcode 3.2";
			developmentRegion = English;
			hasScannedForEncodings = 0;
			knownRegions = (
				en,
				Base,
			);
			mainGroup = 5544704B1D5A549C00D12A3D;
			productRefGroup = 554470551D5A549C00D12A3D /* Products */;
			projectDirPath = "";
			projectRoot = "";
			targets = (
				554470531D5A549C00D12A3D /* Ameren */,
			);
		};
/* End PBXProject section */

/* Begin PBXResourcesBuildPhase section */
		554470521D5A549C00D12A3D /* Resources */ = {
			isa = PBXResourcesBuildPhase;
			buildActionMask = 2147483647;
			files = (
				554470641D5A549C00D12A3D /* LaunchScreen.storyboard in Resources */,
				554470611D5A549C00D12A3D /* Assets.xcassets in Resources */,
				555D3E141D5E33D2005A375A /* Localizable.strings in Resources */,
				5544705F1D5A549C00D12A3D /* Main.storyboard in Resources */,
				5544707D1D5A553F00D12A3D /* Overview in Resources */,
			);
			runOnlyForDeploymentPostprocessing = 0;
		};
/* End PBXResourcesBuildPhase section */

/* Begin PBXSourcesBuildPhase section */
		554470501D5A549C00D12A3D /* Sources */ = {
			isa = PBXSourcesBuildPhase;
			buildActionMask = 2147483647;
			files = (
				5544707B1D5A553F00D12A3D /* KnobControl.swift in Sources */,
				5544705C1D5A549C00D12A3D /* DetailViewController.swift in Sources */,
				555D3E161D5E8E94005A375A /* UIView+.swift in Sources */,
				5544707A1D5A553F00D12A3D /* InteractionViewController.swift in Sources */,
				554470851D5A588D00D12A3D /* ReplaceTopSegue.swift in Sources */,
				555D3E121D5E32E5005A375A /* Locations.swift in Sources */,
				554470781D5A553F00D12A3D /* AnimatedTransitioning.swift in Sources */,
				5544707F1D5A559F00D12A3D /* PresentationController.swift in Sources */,
				5544705A1D5A549C00D12A3D /* MasterViewController.swift in Sources */,
				555D3E181D5E8F6C005A375A /* ReadWriteMutex.swift in Sources */,
				554470871D5A7E9400D12A3D /* GeoService.swift in Sources */,
				554470791D5A553F00D12A3D /* TransitioningDelegate.swift in Sources */,
				5544707C1D5A553F00D12A3D /* MyModel.swift in Sources */,
				554470761D5A553F00D12A3D /* CCode.c in Sources */,
				554470581D5A549C00D12A3D /* AppDelegate.swift in Sources */,
				555D3E1A1D5E905E005A375A /* JSON.swift in Sources */,
			);
			runOnlyForDeploymentPostprocessing = 0;
		};
/* End PBXSourcesBuildPhase section */

/* Begin PBXVariantGroup section */
		5544705D1D5A549C00D12A3D /* Main.storyboard */ = {
			isa = PBXVariantGroup;
			children = (
				5544705E1D5A549C00D12A3D /* Base */,
			);
			name = Main.storyboard;
			sourceTree = "<group>";
		};
		554470621D5A549C00D12A3D /* LaunchScreen.storyboard */ = {
			isa = PBXVariantGroup;
			children = (
				554470631D5A549C00D12A3D /* Base */,
			);
			name = LaunchScreen.storyboard;
			sourceTree = "<group>";
		};
/* End PBXVariantGroup section */

/* Begin XCBuildConfiguration section */
		554470661D5A549C00D12A3D /* Debug */ = {
			isa = XCBuildConfiguration;
			buildSettings = {
				ALWAYS_SEARCH_USER_PATHS = NO;
				CLANG_ANALYZER_NONNULL = YES;
				CLANG_CXX_LANGUAGE_STANDARD = "gnu++0x";
				CLANG_CXX_LIBRARY = "libc++";
				CLANG_ENABLE_MODULES = YES;
				CLANG_ENABLE_OBJC_ARC = YES;
				CLANG_WARN_BOOL_CONVERSION = YES;
				CLANG_WARN_CONSTANT_CONVERSION = YES;
				CLANG_WARN_DIRECT_OBJC_ISA_USAGE = YES_ERROR;
				CLANG_WARN_DOCUMENTATION_COMMENTS = YES;
				CLANG_WARN_EMPTY_BODY = YES;
				CLANG_WARN_ENUM_CONVERSION = YES;
				CLANG_WARN_INFINITE_RECURSION = YES;
				CLANG_WARN_INT_CONVERSION = YES;
				CLANG_WARN_OBJC_ROOT_CLASS = YES_ERROR;
				CLANG_WARN_SUSPICIOUS_MOVES = YES;
				CLANG_WARN_UNREACHABLE_CODE = YES;
				CLANG_WARN__DUPLICATE_METHOD_MATCH = YES;
				"CODE_SIGN_IDENTITY[sdk=iphoneos*]" = "iPhone Developer";
				COPY_PHASE_STRIP = NO;
				DEBUG_INFORMATION_FORMAT = dwarf;
				ENABLE_STRICT_OBJC_MSGSEND = YES;
				ENABLE_TESTABILITY = YES;
				GCC_C_LANGUAGE_STANDARD = gnu99;
				GCC_DYNAMIC_NO_PIC = NO;
				GCC_NO_COMMON_BLOCKS = YES;
				GCC_OPTIMIZATION_LEVEL = 0;
				GCC_PREPROCESSOR_DEFINITIONS = (
					"DEBUG=1",
					"$(inherited)",
				);
				GCC_WARN_64_TO_32_BIT_CONVERSION = YES;
				GCC_WARN_ABOUT_RETURN_TYPE = YES_ERROR;
				GCC_WARN_UNDECLARED_SELECTOR = YES;
				GCC_WARN_UNINITIALIZED_AUTOS = YES_AGGRESSIVE;
				GCC_WARN_UNUSED_FUNCTION = YES;
				GCC_WARN_UNUSED_VARIABLE = YES;
				IPHONEOS_DEPLOYMENT_TARGET = 10.0;
				MTL_ENABLE_DEBUG_INFO = YES;
				ONLY_ACTIVE_ARCH = YES;
				SDKROOT = iphoneos;
				SWIFT_ACTIVE_COMPILATION_CONDITIONS = DEBUG;
				SWIFT_OPTIMIZATION_LEVEL = "-Onone";
				TARGETED_DEVICE_FAMILY = "1,2";
			};
			name = Debug;
		};
		554470671D5A549C00D12A3D /* Release */ = {
			isa = XCBuildConfiguration;
			buildSettings = {
				ALWAYS_SEARCH_USER_PATHS = NO;
				CLANG_ANALYZER_NONNULL = YES;
				CLANG_CXX_LANGUAGE_STANDARD = "gnu++0x";
				CLANG_CXX_LIBRARY = "libc++";
				CLANG_ENABLE_MODULES = YES;
				CLANG_ENABLE_OBJC_ARC = YES;
				CLANG_WARN_BOOL_CONVERSION = YES;
				CLANG_WARN_CONSTANT_CONVERSION = YES;
				CLANG_WARN_DIRECT_OBJC_ISA_USAGE = YES_ERROR;
				CLANG_WARN_DOCUMENTATION_COMMENTS = YES;
				CLANG_WARN_EMPTY_BODY = YES;
				CLANG_WARN_ENUM_CONVERSION = YES;
				CLANG_WARN_INFINITE_RECURSION = YES;
				CLANG_WARN_INT_CONVERSION = YES;
				CLANG_WARN_OBJC_ROOT_CLASS = YES_ERROR;
				CLANG_WARN_SUSPICIOUS_MOVES = YES;
				CLANG_WARN_UNREACHABLE_CODE = YES;
				CLANG_WARN__DUPLICATE_METHOD_MATCH = YES;
				"CODE_SIGN_IDENTITY[sdk=iphoneos*]" = "iPhone Developer";
				COPY_PHASE_STRIP = NO;
				DEBUG_INFORMATION_FORMAT = "dwarf-with-dsym";
				ENABLE_NS_ASSERTIONS = NO;
				ENABLE_STRICT_OBJC_MSGSEND = YES;
				GCC_C_LANGUAGE_STANDARD = gnu99;
				GCC_NO_COMMON_BLOCKS = YES;
				GCC_WARN_64_TO_32_BIT_CONVERSION = YES;
				GCC_WARN_ABOUT_RETURN_TYPE = YES_ERROR;
				GCC_WARN_UNDECLARED_SELECTOR = YES;
				GCC_WARN_UNINITIALIZED_AUTOS = YES_AGGRESSIVE;
				GCC_WARN_UNUSED_FUNCTION = YES;
				GCC_WARN_UNUSED_VARIABLE = YES;
				IPHONEOS_DEPLOYMENT_TARGET = 10.0;
				MTL_ENABLE_DEBUG_INFO = NO;
				SDKROOT = iphoneos;
				SWIFT_OPTIMIZATION_LEVEL = "-Owholemodule";
				TARGETED_DEVICE_FAMILY = "1,2";
				VALIDATE_PRODUCT = YES;
			};
			name = Release;
		};
		554470691D5A549C00D12A3D /* Debug */ = {
			isa = XCBuildConfiguration;
			buildSettings = {
				ASSETCATALOG_COMPILER_APPICON_NAME = AppIcon;
				CLANG_ENABLE_MODULES = YES;
				DEVELOPMENT_TEAM = 4JYR7R4Y2M;
				INFOPLIST_FILE = Ameren/Info.plist;
				LD_RUNPATH_SEARCH_PATHS = "$(inherited) @executable_path/Frameworks";
				PRODUCT_BUNDLE_IDENTIFIER = com.softwarebyjove.Ameren;
				PRODUCT_NAME = "$(TARGET_NAME)";
				SWIFT_OBJC_BRIDGING_HEADER = "Ameren/Ameren-Bridging-Header.h";
				SWIFT_OPTIMIZATION_LEVEL = "-Onone";
				SWIFT_VERSION = 3.0;
			};
			name = Debug;
		};
		5544706A1D5A549C00D12A3D /* Release */ = {
			isa = XCBuildConfiguration;
			buildSettings = {
				ASSETCATALOG_COMPILER_APPICON_NAME = AppIcon;
				CLANG_ENABLE_MODULES = YES;
				DEVELOPMENT_TEAM = 4JYR7R4Y2M;
				INFOPLIST_FILE = Ameren/Info.plist;
				LD_RUNPATH_SEARCH_PATHS = "$(inherited) @executable_path/Frameworks";
				PRODUCT_BUNDLE_IDENTIFIER = com.softwarebyjove.Ameren;
				PRODUCT_NAME = "$(TARGET_NAME)";
				SWIFT_OBJC_BRIDGING_HEADER = "Ameren/Ameren-Bridging-Header.h";
				SWIFT_VERSION = 3.0;
			};
			name = Release;
		};
/* End XCBuildConfiguration section */

/* Begin XCConfigurationList section */
		5544704F1D5A549C00D12A3D /* Build configuration list for PBXProject "Ameren" */ = {
			isa = XCConfigurationList;
			buildConfigurations = (
				554470661D5A549C00D12A3D /* Debug */,
				554470671D5A549C00D12A3D /* Release */,
			);
			defaultConfigurationIsVisible = 0;
			defaultConfigurationName = Release;
		};
		554470681D5A549C00D12A3D /* Build configuration list for PBXNativeTarget "Ameren" */ = {
			isa = XCConfigurationList;
			buildConfigurations = (
				554470691D5A549C00D12A3D /* Debug */,
				5544706A1D5A549C00D12A3D /* Release */,
			);
			defaultConfigurationIsVisible = 0;
			defaultConfigurationName = Release;
		};
/* End XCConfigurationList section */
	};
	rootObject = 5544704C1D5A549C00D12A3D /* Project object */;
}
